
Microsoft Visual Studio Solution File, Format Version 12.00
# Visual Studio 15
VisualStudioVersion = 15.0.26430.6
MinimumVisualStudioVersion = 10.0.40219.1
Project("{FAE04EC0-301F-11D3-BF4B-00C04F79EFBC}") = "App", "App\App.csproj", "{FB6B232E-C254-489C-A6BB-EDC3471ACAAA}"
EndProject
Project("{FAE04EC0-301F-11D3-BF4B-00C04F79EFBC}") = "Generator", "Generator\Generator.csproj", "{8F8BF84A-7285-4A47-9F91-70C3E4B791E0}"
EndProject
Project("{FAE04EC0-301F-11D3-BF4B-00C04F79EFBC}") = "CCLF", "CCLF\CCLF.csproj", "{D72935F3-3515-4837-B432-186146054FD7}"
EndProject
Global
	GlobalSection(SolutionConfigurationPlatforms) = preSolution
		Debug|Any CPU = Debug|Any CPU
		Release|Any CPU = Release|Any CPU
	EndGlobalSection
	GlobalSection(ProjectConfigurationPlatforms) = postSolution
		{FB6B232E-C254-489C-A6BB-EDC3471ACAAA}.Debug|Any CPU.ActiveCfg = Debug|Any CPU
		{FB6B232E-C254-489C-A6BB-EDC3471ACAAA}.Debug|Any CPU.Build.0 = Debug|Any CPU
		{FB6B232E-C254-489C-A6BB-EDC3471ACAAA}.Release|Any CPU.ActiveCfg = Release|Any CPU
		{FB6B232E-C254-489C-A6BB-EDC3471ACAAA}.Release|Any CPU.Build.0 = Release|Any CPU
		{8F8BF84A-7285-4A47-9F91-70C3E4B791E0}.Debug|Any CPU.ActiveCfg = Debug|Any CPU
		{8F8BF84A-7285-4A47-9F91-70C3E4B791E0}.Debug|Any CPU.Build.0 = Debug|Any CPU
		{8F8BF84A-7285-4A47-9F91-70C3E4B791E0}.Release|Any CPU.ActiveCfg = Release|Any CPU
		{8F8BF84A-7285-4A47-9F91-70C3E4B791E0}.Release|Any CPU.Build.0 = Release|Any CPU
		{D72935F3-3515-4837-B432-186146054FD7}.Debug|Any CPU.ActiveCfg = Debug|Any CPU
		{D72935F3-3515-4837-B432-186146054FD7}.Debug|Any CPU.Build.0 = Debug|Any CPU
		{D72935F3-3515-4837-B432-186146054FD7}.Release|Any CPU.ActiveCfg = Release|Any CPU
		{D72935F3-3515-4837-B432-186146054FD7}.Release|Any CPU.Build.0 = Release|Any CPU
	EndGlobalSection
	GlobalSection(SolutionProperties) = preSolution
		HideSolutionNode = FALSE
	EndGlobalSection
EndGlobal
