
Microsoft Visual Studio Solution File, Format Version 12.00
# Visual Studio 15
VisualStudioVersion = 15.0.26430.15
MinimumVisualStudioVersion = 10.0.40219.1
Project("{FAE04EC0-301F-11D3-BF4B-00C04F79EFBC}") = "App", "App\App.csproj", "{FB6B232E-C254-489C-A6BB-EDC3471ACAAA}"
EndProject
Project("{FAE04EC0-301F-11D3-BF4B-00C04F79EFBC}") = "Generator", "Generator\Generator.csproj", "{8F8BF84A-7285-4A47-9F91-70C3E4B791E0}"
EndProject
Project("{FAE04EC0-301F-11D3-BF4B-00C04F79EFBC}") = "CCLFLib", "CCLFLib\CCLFLib.csproj", "{D72935F3-3515-4837-B432-186146054FD7}"
EndProject
Project("{FAE04EC0-301F-11D3-BF4B-00C04F79EFBC}") = "CCLFApp", "CCLFApp\CCLFApp.csproj", "{2E8185AE-5731-4DD0-8061-C4299CB78D25}"
EndProject
Project("{2150E333-8FDC-42A3-9474-1A3956D46DE8}") = "CCLFOld", "CCLFOld", "{E83C2F12-1496-4A7A-9277-083BB6509308}"
EndProject
Project("{9A19103F-16F7-4668-BE54-9A1E7A4F7556}") = "SynDataFileGen.Lib", "SynDataFileGen.Lib\SynDataFileGen.Lib.csproj", "{7CD4E3E1-B37F-4298-88D9-5DA00FA67FD3}"
EndProject
Project("{2150E333-8FDC-42A3-9474-1A3956D46DE8}") = "Old", "Old", "{6EEC90D1-55A9-43C5-A0DE-4639263366EF}"
EndProject
Project("{9A19103F-16F7-4668-BE54-9A1E7A4F7556}") = "SynDataFileGen.App", "SynDataFileGen.App\SynDataFileGen.App.csproj", "{CC466BE0-11D1-43BD-B2DA-88AEB8F5E9FF}"
EndProject
Project("{9A19103F-16F7-4668-BE54-9A1E7A4F7556}") = "SynDataFileGen.RunFileUtil", "SynDataFileGen.RunFileUtil\SynDataFileGen.RunFileUtil.csproj", "{C8A59EDB-E8CC-4F32-B029-0D0A51712CFC}"
EndProject
Global
	GlobalSection(SolutionConfigurationPlatforms) = preSolution
		Debug|Any CPU = Debug|Any CPU
		Release|Any CPU = Release|Any CPU
	EndGlobalSection
	GlobalSection(ProjectConfigurationPlatforms) = postSolution
		{FB6B232E-C254-489C-A6BB-EDC3471ACAAA}.Debug|Any CPU.ActiveCfg = Debug|Any CPU
		{FB6B232E-C254-489C-A6BB-EDC3471ACAAA}.Debug|Any CPU.Build.0 = Debug|Any CPU
		{FB6B232E-C254-489C-A6BB-EDC3471ACAAA}.Release|Any CPU.ActiveCfg = Release|Any CPU
		{FB6B232E-C254-489C-A6BB-EDC3471ACAAA}.Release|Any CPU.Build.0 = Release|Any CPU
		{8F8BF84A-7285-4A47-9F91-70C3E4B791E0}.Debug|Any CPU.ActiveCfg = Debug|Any CPU
		{8F8BF84A-7285-4A47-9F91-70C3E4B791E0}.Debug|Any CPU.Build.0 = Debug|Any CPU
		{8F8BF84A-7285-4A47-9F91-70C3E4B791E0}.Release|Any CPU.ActiveCfg = Release|Any CPU
		{8F8BF84A-7285-4A47-9F91-70C3E4B791E0}.Release|Any CPU.Build.0 = Release|Any CPU
		{D72935F3-3515-4837-B432-186146054FD7}.Debug|Any CPU.ActiveCfg = Debug|Any CPU
		{D72935F3-3515-4837-B432-186146054FD7}.Debug|Any CPU.Build.0 = Debug|Any CPU
		{D72935F3-3515-4837-B432-186146054FD7}.Release|Any CPU.ActiveCfg = Release|Any CPU
		{D72935F3-3515-4837-B432-186146054FD7}.Release|Any CPU.Build.0 = Release|Any CPU
		{2E8185AE-5731-4DD0-8061-C4299CB78D25}.Debug|Any CPU.ActiveCfg = Debug|Any CPU
		{2E8185AE-5731-4DD0-8061-C4299CB78D25}.Debug|Any CPU.Build.0 = Debug|Any CPU
		{2E8185AE-5731-4DD0-8061-C4299CB78D25}.Release|Any CPU.ActiveCfg = Release|Any CPU
		{2E8185AE-5731-4DD0-8061-C4299CB78D25}.Release|Any CPU.Build.0 = Release|Any CPU
		{7CD4E3E1-B37F-4298-88D9-5DA00FA67FD3}.Debug|Any CPU.ActiveCfg = Debug|Any CPU
		{7CD4E3E1-B37F-4298-88D9-5DA00FA67FD3}.Debug|Any CPU.Build.0 = Debug|Any CPU
		{7CD4E3E1-B37F-4298-88D9-5DA00FA67FD3}.Release|Any CPU.ActiveCfg = Release|Any CPU
		{7CD4E3E1-B37F-4298-88D9-5DA00FA67FD3}.Release|Any CPU.Build.0 = Release|Any CPU
		{CC466BE0-11D1-43BD-B2DA-88AEB8F5E9FF}.Debug|Any CPU.ActiveCfg = Debug|Any CPU
		{CC466BE0-11D1-43BD-B2DA-88AEB8F5E9FF}.Debug|Any CPU.Build.0 = Debug|Any CPU
		{CC466BE0-11D1-43BD-B2DA-88AEB8F5E9FF}.Release|Any CPU.ActiveCfg = Release|Any CPU
		{CC466BE0-11D1-43BD-B2DA-88AEB8F5E9FF}.Release|Any CPU.Build.0 = Release|Any CPU
		{C8A59EDB-E8CC-4F32-B029-0D0A51712CFC}.Debug|Any CPU.ActiveCfg = Debug|Any CPU
		{C8A59EDB-E8CC-4F32-B029-0D0A51712CFC}.Debug|Any CPU.Build.0 = Debug|Any CPU
		{C8A59EDB-E8CC-4F32-B029-0D0A51712CFC}.Release|Any CPU.ActiveCfg = Release|Any CPU
		{C8A59EDB-E8CC-4F32-B029-0D0A51712CFC}.Release|Any CPU.Build.0 = Release|Any CPU
	EndGlobalSection
	GlobalSection(SolutionProperties) = preSolution
		HideSolutionNode = FALSE
	EndGlobalSection
	GlobalSection(NestedProjects) = preSolution
		{FB6B232E-C254-489C-A6BB-EDC3471ACAAA} = {6EEC90D1-55A9-43C5-A0DE-4639263366EF}
		{8F8BF84A-7285-4A47-9F91-70C3E4B791E0} = {6EEC90D1-55A9-43C5-A0DE-4639263366EF}
		{D72935F3-3515-4837-B432-186146054FD7} = {E83C2F12-1496-4A7A-9277-083BB6509308}
		{2E8185AE-5731-4DD0-8061-C4299CB78D25} = {E83C2F12-1496-4A7A-9277-083BB6509308}
	EndGlobalSection
EndGlobal
